
Microsoft Visual Studio Solution File, Format Version 12.00
# Visual Studio 15
VisualStudioVersion = 15.0.28307.705
MinimumVisualStudioVersion = 10.0.40219.1
Project("{FAE04EC0-301F-11D3-BF4B-00C04F79EFBC}") = "StudyBuddy", "StudyBuddy\StudyBuddy.csproj", "{A9905BCD-94EC-432A-A049-12C0FC8EB857}"
EndProject
Project("{2150E333-8FDC-42A3-9474-1A3956D46DE8}") = "Solution Items", "Solution Items", "{D31674D6-C95D-4230-A639-425DA7CB463C}"
	ProjectSection(SolutionItems) = preProject
		StudyBuddy\FormOpener.cs = StudyBuddy\FormOpener.cs
	EndProjectSection
EndProject
Project("{FAE04EC0-301F-11D3-BF4B-00C04F79EFBC}") = "UnitTests", "UnitTests\UnitTests.csproj", "{4E7F9D2A-3774-4082-A70D-89D4D16E575B}"
EndProject
Global
	GlobalSection(SolutionConfigurationPlatforms) = preSolution
		Debug|Any CPU = Debug|Any CPU
		Release|Any CPU = Release|Any CPU
	EndGlobalSection
	GlobalSection(ProjectConfigurationPlatforms) = postSolution
		{A9905BCD-94EC-432A-A049-12C0FC8EB857}.Debug|Any CPU.ActiveCfg = Debug|Any CPU
		{A9905BCD-94EC-432A-A049-12C0FC8EB857}.Debug|Any CPU.Build.0 = Debug|Any CPU
		{A9905BCD-94EC-432A-A049-12C0FC8EB857}.Release|Any CPU.ActiveCfg = Release|Any CPU
		{A9905BCD-94EC-432A-A049-12C0FC8EB857}.Release|Any CPU.Build.0 = Release|Any CPU
		{4E7F9D2A-3774-4082-A70D-89D4D16E575B}.Debug|Any CPU.ActiveCfg = Debug|Any CPU
		{4E7F9D2A-3774-4082-A70D-89D4D16E575B}.Debug|Any CPU.Build.0 = Debug|Any CPU
		{4E7F9D2A-3774-4082-A70D-89D4D16E575B}.Release|Any CPU.ActiveCfg = Release|Any CPU
		{4E7F9D2A-3774-4082-A70D-89D4D16E575B}.Release|Any CPU.Build.0 = Release|Any CPU
	EndGlobalSection
	GlobalSection(SolutionProperties) = preSolution
		HideSolutionNode = FALSE
	EndGlobalSection
	GlobalSection(ExtensibilityGlobals) = postSolution
		SolutionGuid = {F88B41EC-5774-4994-918E-A621F32A6650}
	EndGlobalSection
EndGlobal
