
Microsoft Visual Studio Solution File, Format Version 12.00
# Visual Studio Version 16
VisualStudioVersion = 16.0.29411.108
MinimumVisualStudioVersion = 10.0.40219.1
Project("{FAE04EC0-301F-11D3-BF4B-00C04F79EFBC}") = "StudyBuddy", "StudyBuddy\StudyBuddy.csproj", "{A9905BCD-94EC-432A-A049-12C0FC8EB857}"
EndProject
Project("{2150E333-8FDC-42A3-9474-1A3956D46DE8}") = "Solution Items", "Solution Items", "{D31674D6-C95D-4230-A639-425DA7CB463C}"
	ProjectSection(SolutionItems) = preProject
		StudyBuddy\FormOpener.cs = StudyBuddy\FormOpener.cs
	EndProjectSection
EndProject
Project("{FAE04EC0-301F-11D3-BF4B-00C04F79EFBC}") = "UnitTests", "UnitTests\UnitTests.csproj", "{4E7F9D2A-3774-4082-A70D-89D4D16E575B}"
EndProject
Project("{D954291E-2A0B-460D-934E-DC6B0785DB48}") = "StudyBuddyShared", "StudyBuddyShared\StudyBuddyShared.shproj", "{5F3C7262-10BA-4917-9623-605108B6F165}"
EndProject
Project("{FAE04EC0-301F-11D3-BF4B-00C04F79EFBC}") = "StudyBuddyApp.Android", "StudyBuddyApp\StudyBuddyApp.Android\StudyBuddyApp.Android.csproj", "{24CE3C36-16B9-426D-AA0C-5961ECF8D88C}"
EndProject
Project("{FAE04EC0-301F-11D3-BF4B-00C04F79EFBC}") = "StudyBuddyApp.iOS", "StudyBuddyApp\StudyBuddyApp.iOS\StudyBuddyApp.iOS.csproj", "{33FD38F4-F3E0-4E1C-8A8C-E109A2C17BD3}"
EndProject
Project("{9A19103F-16F7-4668-BE54-9A1E7A4F7556}") = "StudyBuddyApp", "StudyBuddyApp\StudyBuddyApp\StudyBuddyApp.csproj", "{AF6A8D57-27C6-42B9-9C8C-EF9059005D82}"
EndProject
Project("{FAE04EC0-301F-11D3-BF4B-00C04F79EFBC}") = "Linq", "Linq\Linq.csproj", "{1E3D9789-F532-493C-A31D-EC5C00416F7D}"
EndProject
Global
	GlobalSection(SharedMSBuildProjectFiles) = preSolution
		StudyBuddyShared\StudyBuddyShared.projitems*{5f3c7262-10ba-4917-9623-605108b6f165}*SharedItemsImports = 13
		StudyBuddyShared\StudyBuddyShared.projitems*{a9905bcd-94ec-432a-a049-12c0fc8eb857}*SharedItemsImports = 4
	EndGlobalSection
	GlobalSection(SolutionConfigurationPlatforms) = preSolution
		Ad-Hoc|Any CPU = Ad-Hoc|Any CPU
		Ad-Hoc|iPhone = Ad-Hoc|iPhone
		Ad-Hoc|iPhoneSimulator = Ad-Hoc|iPhoneSimulator
		AppStore|Any CPU = AppStore|Any CPU
		AppStore|iPhone = AppStore|iPhone
		AppStore|iPhoneSimulator = AppStore|iPhoneSimulator
		Debug|Any CPU = Debug|Any CPU
		Debug|iPhone = Debug|iPhone
		Debug|iPhoneSimulator = Debug|iPhoneSimulator
		Release|Any CPU = Release|Any CPU
		Release|iPhone = Release|iPhone
		Release|iPhoneSimulator = Release|iPhoneSimulator
	EndGlobalSection
	GlobalSection(ProjectConfigurationPlatforms) = postSolution
		{A9905BCD-94EC-432A-A049-12C0FC8EB857}.Ad-Hoc|Any CPU.ActiveCfg = Release|Any CPU
		{A9905BCD-94EC-432A-A049-12C0FC8EB857}.Ad-Hoc|Any CPU.Build.0 = Release|Any CPU
		{A9905BCD-94EC-432A-A049-12C0FC8EB857}.Ad-Hoc|iPhone.ActiveCfg = Release|Any CPU
		{A9905BCD-94EC-432A-A049-12C0FC8EB857}.Ad-Hoc|iPhone.Build.0 = Release|Any CPU
		{A9905BCD-94EC-432A-A049-12C0FC8EB857}.Ad-Hoc|iPhoneSimulator.ActiveCfg = Release|Any CPU
		{A9905BCD-94EC-432A-A049-12C0FC8EB857}.Ad-Hoc|iPhoneSimulator.Build.0 = Release|Any CPU
		{A9905BCD-94EC-432A-A049-12C0FC8EB857}.AppStore|Any CPU.ActiveCfg = Release|Any CPU
		{A9905BCD-94EC-432A-A049-12C0FC8EB857}.AppStore|Any CPU.Build.0 = Release|Any CPU
		{A9905BCD-94EC-432A-A049-12C0FC8EB857}.AppStore|iPhone.ActiveCfg = Release|Any CPU
		{A9905BCD-94EC-432A-A049-12C0FC8EB857}.AppStore|iPhone.Build.0 = Release|Any CPU
		{A9905BCD-94EC-432A-A049-12C0FC8EB857}.AppStore|iPhoneSimulator.ActiveCfg = Release|Any CPU
		{A9905BCD-94EC-432A-A049-12C0FC8EB857}.AppStore|iPhoneSimulator.Build.0 = Release|Any CPU
		{A9905BCD-94EC-432A-A049-12C0FC8EB857}.Debug|Any CPU.ActiveCfg = Debug|Any CPU
		{A9905BCD-94EC-432A-A049-12C0FC8EB857}.Debug|Any CPU.Build.0 = Debug|Any CPU
		{A9905BCD-94EC-432A-A049-12C0FC8EB857}.Debug|iPhone.ActiveCfg = Debug|Any CPU
		{A9905BCD-94EC-432A-A049-12C0FC8EB857}.Debug|iPhone.Build.0 = Debug|Any CPU
		{A9905BCD-94EC-432A-A049-12C0FC8EB857}.Debug|iPhoneSimulator.ActiveCfg = Debug|Any CPU
		{A9905BCD-94EC-432A-A049-12C0FC8EB857}.Debug|iPhoneSimulator.Build.0 = Debug|Any CPU
		{A9905BCD-94EC-432A-A049-12C0FC8EB857}.Release|Any CPU.ActiveCfg = Release|Any CPU
		{A9905BCD-94EC-432A-A049-12C0FC8EB857}.Release|Any CPU.Build.0 = Release|Any CPU
		{A9905BCD-94EC-432A-A049-12C0FC8EB857}.Release|iPhone.ActiveCfg = Release|Any CPU
		{A9905BCD-94EC-432A-A049-12C0FC8EB857}.Release|iPhone.Build.0 = Release|Any CPU
		{A9905BCD-94EC-432A-A049-12C0FC8EB857}.Release|iPhoneSimulator.ActiveCfg = Release|Any CPU
		{A9905BCD-94EC-432A-A049-12C0FC8EB857}.Release|iPhoneSimulator.Build.0 = Release|Any CPU
		{4E7F9D2A-3774-4082-A70D-89D4D16E575B}.Ad-Hoc|Any CPU.ActiveCfg = Release|Any CPU
		{4E7F9D2A-3774-4082-A70D-89D4D16E575B}.Ad-Hoc|Any CPU.Build.0 = Release|Any CPU
		{4E7F9D2A-3774-4082-A70D-89D4D16E575B}.Ad-Hoc|iPhone.ActiveCfg = Release|Any CPU
		{4E7F9D2A-3774-4082-A70D-89D4D16E575B}.Ad-Hoc|iPhone.Build.0 = Release|Any CPU
		{4E7F9D2A-3774-4082-A70D-89D4D16E575B}.Ad-Hoc|iPhoneSimulator.ActiveCfg = Release|Any CPU
		{4E7F9D2A-3774-4082-A70D-89D4D16E575B}.Ad-Hoc|iPhoneSimulator.Build.0 = Release|Any CPU
		{4E7F9D2A-3774-4082-A70D-89D4D16E575B}.AppStore|Any CPU.ActiveCfg = Release|Any CPU
		{4E7F9D2A-3774-4082-A70D-89D4D16E575B}.AppStore|Any CPU.Build.0 = Release|Any CPU
		{4E7F9D2A-3774-4082-A70D-89D4D16E575B}.AppStore|iPhone.ActiveCfg = Release|Any CPU
		{4E7F9D2A-3774-4082-A70D-89D4D16E575B}.AppStore|iPhone.Build.0 = Release|Any CPU
		{4E7F9D2A-3774-4082-A70D-89D4D16E575B}.AppStore|iPhoneSimulator.ActiveCfg = Release|Any CPU
		{4E7F9D2A-3774-4082-A70D-89D4D16E575B}.AppStore|iPhoneSimulator.Build.0 = Release|Any CPU
		{4E7F9D2A-3774-4082-A70D-89D4D16E575B}.Debug|Any CPU.ActiveCfg = Debug|Any CPU
		{4E7F9D2A-3774-4082-A70D-89D4D16E575B}.Debug|Any CPU.Build.0 = Debug|Any CPU
		{4E7F9D2A-3774-4082-A70D-89D4D16E575B}.Debug|iPhone.ActiveCfg = Debug|Any CPU
		{4E7F9D2A-3774-4082-A70D-89D4D16E575B}.Debug|iPhone.Build.0 = Debug|Any CPU
		{4E7F9D2A-3774-4082-A70D-89D4D16E575B}.Debug|iPhoneSimulator.ActiveCfg = Debug|Any CPU
		{4E7F9D2A-3774-4082-A70D-89D4D16E575B}.Debug|iPhoneSimulator.Build.0 = Debug|Any CPU
		{4E7F9D2A-3774-4082-A70D-89D4D16E575B}.Release|Any CPU.ActiveCfg = Release|Any CPU
		{4E7F9D2A-3774-4082-A70D-89D4D16E575B}.Release|Any CPU.Build.0 = Release|Any CPU
		{4E7F9D2A-3774-4082-A70D-89D4D16E575B}.Release|iPhone.ActiveCfg = Release|Any CPU
		{4E7F9D2A-3774-4082-A70D-89D4D16E575B}.Release|iPhone.Build.0 = Release|Any CPU
		{4E7F9D2A-3774-4082-A70D-89D4D16E575B}.Release|iPhoneSimulator.ActiveCfg = Release|Any CPU
		{4E7F9D2A-3774-4082-A70D-89D4D16E575B}.Release|iPhoneSimulator.Build.0 = Release|Any CPU
		{24CE3C36-16B9-426D-AA0C-5961ECF8D88C}.Ad-Hoc|Any CPU.ActiveCfg = Release|Any CPU
		{24CE3C36-16B9-426D-AA0C-5961ECF8D88C}.Ad-Hoc|Any CPU.Build.0 = Release|Any CPU
		{24CE3C36-16B9-426D-AA0C-5961ECF8D88C}.Ad-Hoc|Any CPU.Deploy.0 = Release|Any CPU
		{24CE3C36-16B9-426D-AA0C-5961ECF8D88C}.Ad-Hoc|iPhone.ActiveCfg = Release|Any CPU
		{24CE3C36-16B9-426D-AA0C-5961ECF8D88C}.Ad-Hoc|iPhone.Build.0 = Release|Any CPU
		{24CE3C36-16B9-426D-AA0C-5961ECF8D88C}.Ad-Hoc|iPhone.Deploy.0 = Release|Any CPU
		{24CE3C36-16B9-426D-AA0C-5961ECF8D88C}.Ad-Hoc|iPhoneSimulator.ActiveCfg = Release|Any CPU
		{24CE3C36-16B9-426D-AA0C-5961ECF8D88C}.Ad-Hoc|iPhoneSimulator.Build.0 = Release|Any CPU
		{24CE3C36-16B9-426D-AA0C-5961ECF8D88C}.Ad-Hoc|iPhoneSimulator.Deploy.0 = Release|Any CPU
		{24CE3C36-16B9-426D-AA0C-5961ECF8D88C}.AppStore|Any CPU.ActiveCfg = Release|Any CPU
		{24CE3C36-16B9-426D-AA0C-5961ECF8D88C}.AppStore|Any CPU.Build.0 = Release|Any CPU
		{24CE3C36-16B9-426D-AA0C-5961ECF8D88C}.AppStore|Any CPU.Deploy.0 = Release|Any CPU
		{24CE3C36-16B9-426D-AA0C-5961ECF8D88C}.AppStore|iPhone.ActiveCfg = Release|Any CPU
		{24CE3C36-16B9-426D-AA0C-5961ECF8D88C}.AppStore|iPhone.Build.0 = Release|Any CPU
		{24CE3C36-16B9-426D-AA0C-5961ECF8D88C}.AppStore|iPhone.Deploy.0 = Release|Any CPU
		{24CE3C36-16B9-426D-AA0C-5961ECF8D88C}.AppStore|iPhoneSimulator.ActiveCfg = Release|Any CPU
		{24CE3C36-16B9-426D-AA0C-5961ECF8D88C}.AppStore|iPhoneSimulator.Build.0 = Release|Any CPU
		{24CE3C36-16B9-426D-AA0C-5961ECF8D88C}.AppStore|iPhoneSimulator.Deploy.0 = Release|Any CPU
		{24CE3C36-16B9-426D-AA0C-5961ECF8D88C}.Debug|Any CPU.ActiveCfg = Debug|Any CPU
		{24CE3C36-16B9-426D-AA0C-5961ECF8D88C}.Debug|Any CPU.Build.0 = Debug|Any CPU
		{24CE3C36-16B9-426D-AA0C-5961ECF8D88C}.Debug|Any CPU.Deploy.0 = Debug|Any CPU
		{24CE3C36-16B9-426D-AA0C-5961ECF8D88C}.Debug|iPhone.ActiveCfg = Debug|Any CPU
		{24CE3C36-16B9-426D-AA0C-5961ECF8D88C}.Debug|iPhone.Build.0 = Debug|Any CPU
		{24CE3C36-16B9-426D-AA0C-5961ECF8D88C}.Debug|iPhone.Deploy.0 = Debug|Any CPU
		{24CE3C36-16B9-426D-AA0C-5961ECF8D88C}.Debug|iPhoneSimulator.ActiveCfg = Debug|Any CPU
		{24CE3C36-16B9-426D-AA0C-5961ECF8D88C}.Debug|iPhoneSimulator.Build.0 = Debug|Any CPU
		{24CE3C36-16B9-426D-AA0C-5961ECF8D88C}.Debug|iPhoneSimulator.Deploy.0 = Debug|Any CPU
		{24CE3C36-16B9-426D-AA0C-5961ECF8D88C}.Release|Any CPU.ActiveCfg = Release|Any CPU
		{24CE3C36-16B9-426D-AA0C-5961ECF8D88C}.Release|Any CPU.Build.0 = Release|Any CPU
		{24CE3C36-16B9-426D-AA0C-5961ECF8D88C}.Release|Any CPU.Deploy.0 = Release|Any CPU
		{24CE3C36-16B9-426D-AA0C-5961ECF8D88C}.Release|iPhone.ActiveCfg = Release|Any CPU
		{24CE3C36-16B9-426D-AA0C-5961ECF8D88C}.Release|iPhone.Build.0 = Release|Any CPU
		{24CE3C36-16B9-426D-AA0C-5961ECF8D88C}.Release|iPhone.Deploy.0 = Release|Any CPU
		{24CE3C36-16B9-426D-AA0C-5961ECF8D88C}.Release|iPhoneSimulator.ActiveCfg = Release|Any CPU
		{24CE3C36-16B9-426D-AA0C-5961ECF8D88C}.Release|iPhoneSimulator.Build.0 = Release|Any CPU
		{24CE3C36-16B9-426D-AA0C-5961ECF8D88C}.Release|iPhoneSimulator.Deploy.0 = Release|Any CPU
		{33FD38F4-F3E0-4E1C-8A8C-E109A2C17BD3}.Ad-Hoc|Any CPU.ActiveCfg = Release|iPhone
		{33FD38F4-F3E0-4E1C-8A8C-E109A2C17BD3}.Ad-Hoc|Any CPU.Build.0 = Release|iPhone
		{33FD38F4-F3E0-4E1C-8A8C-E109A2C17BD3}.Ad-Hoc|iPhone.ActiveCfg = Release|iPhone
		{33FD38F4-F3E0-4E1C-8A8C-E109A2C17BD3}.Ad-Hoc|iPhone.Build.0 = Release|iPhone
		{33FD38F4-F3E0-4E1C-8A8C-E109A2C17BD3}.Ad-Hoc|iPhoneSimulator.ActiveCfg = Release|iPhoneSimulator
		{33FD38F4-F3E0-4E1C-8A8C-E109A2C17BD3}.Ad-Hoc|iPhoneSimulator.Build.0 = Release|iPhoneSimulator
		{33FD38F4-F3E0-4E1C-8A8C-E109A2C17BD3}.AppStore|Any CPU.ActiveCfg = Release|iPhone
		{33FD38F4-F3E0-4E1C-8A8C-E109A2C17BD3}.AppStore|Any CPU.Build.0 = Release|iPhone
		{33FD38F4-F3E0-4E1C-8A8C-E109A2C17BD3}.AppStore|iPhone.ActiveCfg = Release|iPhone
		{33FD38F4-F3E0-4E1C-8A8C-E109A2C17BD3}.AppStore|iPhone.Build.0 = Release|iPhone
		{33FD38F4-F3E0-4E1C-8A8C-E109A2C17BD3}.AppStore|iPhoneSimulator.ActiveCfg = Release|iPhoneSimulator
		{33FD38F4-F3E0-4E1C-8A8C-E109A2C17BD3}.AppStore|iPhoneSimulator.Build.0 = Release|iPhoneSimulator
		{33FD38F4-F3E0-4E1C-8A8C-E109A2C17BD3}.Debug|Any CPU.ActiveCfg = Debug|iPhone
		{33FD38F4-F3E0-4E1C-8A8C-E109A2C17BD3}.Debug|iPhone.ActiveCfg = Debug|iPhone
		{33FD38F4-F3E0-4E1C-8A8C-E109A2C17BD3}.Debug|iPhone.Build.0 = Debug|iPhone
		{33FD38F4-F3E0-4E1C-8A8C-E109A2C17BD3}.Debug|iPhoneSimulator.ActiveCfg = Debug|iPhoneSimulator
		{33FD38F4-F3E0-4E1C-8A8C-E109A2C17BD3}.Debug|iPhoneSimulator.Build.0 = Debug|iPhoneSimulator
		{33FD38F4-F3E0-4E1C-8A8C-E109A2C17BD3}.Release|Any CPU.ActiveCfg = Release|iPhone
		{33FD38F4-F3E0-4E1C-8A8C-E109A2C17BD3}.Release|iPhone.ActiveCfg = Release|iPhone
		{33FD38F4-F3E0-4E1C-8A8C-E109A2C17BD3}.Release|iPhone.Build.0 = Release|iPhone
		{33FD38F4-F3E0-4E1C-8A8C-E109A2C17BD3}.Release|iPhoneSimulator.ActiveCfg = Release|iPhoneSimulator
		{33FD38F4-F3E0-4E1C-8A8C-E109A2C17BD3}.Release|iPhoneSimulator.Build.0 = Release|iPhoneSimulator
		{AF6A8D57-27C6-42B9-9C8C-EF9059005D82}.Ad-Hoc|Any CPU.ActiveCfg = Debug|Any CPU
		{AF6A8D57-27C6-42B9-9C8C-EF9059005D82}.Ad-Hoc|Any CPU.Build.0 = Debug|Any CPU
		{AF6A8D57-27C6-42B9-9C8C-EF9059005D82}.Ad-Hoc|iPhone.ActiveCfg = Debug|Any CPU
		{AF6A8D57-27C6-42B9-9C8C-EF9059005D82}.Ad-Hoc|iPhone.Build.0 = Debug|Any CPU
		{AF6A8D57-27C6-42B9-9C8C-EF9059005D82}.Ad-Hoc|iPhoneSimulator.ActiveCfg = Debug|Any CPU
		{AF6A8D57-27C6-42B9-9C8C-EF9059005D82}.Ad-Hoc|iPhoneSimulator.Build.0 = Debug|Any CPU
		{AF6A8D57-27C6-42B9-9C8C-EF9059005D82}.AppStore|Any CPU.ActiveCfg = Debug|Any CPU
		{AF6A8D57-27C6-42B9-9C8C-EF9059005D82}.AppStore|Any CPU.Build.0 = Debug|Any CPU
		{AF6A8D57-27C6-42B9-9C8C-EF9059005D82}.AppStore|iPhone.ActiveCfg = Debug|Any CPU
		{AF6A8D57-27C6-42B9-9C8C-EF9059005D82}.AppStore|iPhone.Build.0 = Debug|Any CPU
		{AF6A8D57-27C6-42B9-9C8C-EF9059005D82}.AppStore|iPhoneSimulator.ActiveCfg = Debug|Any CPU
		{AF6A8D57-27C6-42B9-9C8C-EF9059005D82}.AppStore|iPhoneSimulator.Build.0 = Debug|Any CPU
		{AF6A8D57-27C6-42B9-9C8C-EF9059005D82}.Debug|Any CPU.ActiveCfg = Debug|Any CPU
		{AF6A8D57-27C6-42B9-9C8C-EF9059005D82}.Debug|Any CPU.Build.0 = Debug|Any CPU
		{AF6A8D57-27C6-42B9-9C8C-EF9059005D82}.Debug|iPhone.ActiveCfg = Debug|Any CPU
		{AF6A8D57-27C6-42B9-9C8C-EF9059005D82}.Debug|iPhone.Build.0 = Debug|Any CPU
		{AF6A8D57-27C6-42B9-9C8C-EF9059005D82}.Debug|iPhoneSimulator.ActiveCfg = Debug|Any CPU
		{AF6A8D57-27C6-42B9-9C8C-EF9059005D82}.Debug|iPhoneSimulator.Build.0 = Debug|Any CPU
		{AF6A8D57-27C6-42B9-9C8C-EF9059005D82}.Release|Any CPU.ActiveCfg = Release|Any CPU
		{AF6A8D57-27C6-42B9-9C8C-EF9059005D82}.Release|Any CPU.Build.0 = Release|Any CPU
		{AF6A8D57-27C6-42B9-9C8C-EF9059005D82}.Release|iPhone.ActiveCfg = Release|Any CPU
		{AF6A8D57-27C6-42B9-9C8C-EF9059005D82}.Release|iPhone.Build.0 = Release|Any CPU
		{AF6A8D57-27C6-42B9-9C8C-EF9059005D82}.Release|iPhoneSimulator.ActiveCfg = Release|Any CPU
		{AF6A8D57-27C6-42B9-9C8C-EF9059005D82}.Release|iPhoneSimulator.Build.0 = Release|Any CPU
		{1E3D9789-F532-493C-A31D-EC5C00416F7D}.Ad-Hoc|Any CPU.ActiveCfg = Release|Any CPU
		{1E3D9789-F532-493C-A31D-EC5C00416F7D}.Ad-Hoc|Any CPU.Build.0 = Release|Any CPU
		{1E3D9789-F532-493C-A31D-EC5C00416F7D}.Ad-Hoc|iPhone.ActiveCfg = Release|Any CPU
		{1E3D9789-F532-493C-A31D-EC5C00416F7D}.Ad-Hoc|iPhone.Build.0 = Release|Any CPU
		{1E3D9789-F532-493C-A31D-EC5C00416F7D}.Ad-Hoc|iPhoneSimulator.ActiveCfg = Release|Any CPU
		{1E3D9789-F532-493C-A31D-EC5C00416F7D}.Ad-Hoc|iPhoneSimulator.Build.0 = Release|Any CPU
		{1E3D9789-F532-493C-A31D-EC5C00416F7D}.AppStore|Any CPU.ActiveCfg = Release|Any CPU
		{1E3D9789-F532-493C-A31D-EC5C00416F7D}.AppStore|Any CPU.Build.0 = Release|Any CPU
		{1E3D9789-F532-493C-A31D-EC5C00416F7D}.AppStore|iPhone.ActiveCfg = Release|Any CPU
		{1E3D9789-F532-493C-A31D-EC5C00416F7D}.AppStore|iPhone.Build.0 = Release|Any CPU
		{1E3D9789-F532-493C-A31D-EC5C00416F7D}.AppStore|iPhoneSimulator.ActiveCfg = Release|Any CPU
		{1E3D9789-F532-493C-A31D-EC5C00416F7D}.AppStore|iPhoneSimulator.Build.0 = Release|Any CPU
		{1E3D9789-F532-493C-A31D-EC5C00416F7D}.Debug|Any CPU.ActiveCfg = Debug|Any CPU
		{1E3D9789-F532-493C-A31D-EC5C00416F7D}.Debug|Any CPU.Build.0 = Debug|Any CPU
		{1E3D9789-F532-493C-A31D-EC5C00416F7D}.Debug|iPhone.ActiveCfg = Debug|Any CPU
		{1E3D9789-F532-493C-A31D-EC5C00416F7D}.Debug|iPhone.Build.0 = Debug|Any CPU
		{1E3D9789-F532-493C-A31D-EC5C00416F7D}.Debug|iPhoneSimulator.ActiveCfg = Debug|Any CPU
		{1E3D9789-F532-493C-A31D-EC5C00416F7D}.Debug|iPhoneSimulator.Build.0 = Debug|Any CPU
		{1E3D9789-F532-493C-A31D-EC5C00416F7D}.Release|Any CPU.ActiveCfg = Release|Any CPU
		{1E3D9789-F532-493C-A31D-EC5C00416F7D}.Release|Any CPU.Build.0 = Release|Any CPU
		{1E3D9789-F532-493C-A31D-EC5C00416F7D}.Release|iPhone.ActiveCfg = Release|Any CPU
		{1E3D9789-F532-493C-A31D-EC5C00416F7D}.Release|iPhone.Build.0 = Release|Any CPU
		{1E3D9789-F532-493C-A31D-EC5C00416F7D}.Release|iPhoneSimulator.ActiveCfg = Release|Any CPU
		{1E3D9789-F532-493C-A31D-EC5C00416F7D}.Release|iPhoneSimulator.Build.0 = Release|Any CPU
	EndGlobalSection
	GlobalSection(SolutionProperties) = preSolution
		HideSolutionNode = FALSE
	EndGlobalSection
	GlobalSection(ExtensibilityGlobals) = postSolution
		SolutionGuid = {F88B41EC-5774-4994-918E-A621F32A6650}
	EndGlobalSection
EndGlobal
